<Solution>
  <Project Path="VIVE.OpenXR.Samples.csproj" />
  <Project Path="com.whisper.unity.csproj" />
  <Project Path="UniTask.csproj" />
  <Project Path="Unity.XR.Interaction.Toolkit.Samples.Hands.csproj" />
  <Project Path="UniTask.Linq.csproj" />
  <Project Path="HTC.VIVE.OPENXR.SceneUnderstandingSample.csproj" />
  <Project Path="UnityNeuroSpeech.Editor.csproj" />
  <Project Path="Unity.XR.Hands.Samples.VisualizerSample.csproj" />
  <Project Path="Assembly-CSharp.csproj" />
  <Project Path="UniTask.Addressables.csproj" />
  <Project Path="Assembly-CSharp-Editor.csproj" />
  <Project Path="sc.terrain.painter.editor.csproj" />
  <Project Path="UnityNeuroSpeech.Utils.csproj" />
  <Project Path="Unity.XR.Interaction.Toolkit.Samples.StarterAssets.csproj" />
  <Project Path="UniTask.TextMeshPro.csproj" />
  <Project Path="ParrelSync.csproj" />
  <Project Path="Unity.XR.Interaction.Toolkit.Samples.Hands.Editor.csproj" />
  <Project Path="sc.terrain.painter.runtime.csproj" />
  <Project Path="UnityNeuroSpeech.Runtime.csproj" />
  <Project Path="UnityNeuroSpeech.Shared.csproj" />
  <Project Path="VIVE.TMPCheck.csproj" />
  <Project Path="Unity.XR.Interaction.Toolkit.Samples.StarterAssets.Editor.csproj" />
  <Project Path="UniTask.Editor.csproj" />
  <Project Path="UniTask.DOTween.csproj" />
</Solution>
